{
  "nodes": {
    "flake-compat": {
      "flake": false,
      "locked": {
        "lastModified": 1627832136,
        "narHash": "sha256-OUBMZeJ01AdzGjJ9ZkY5rh1bQircBoPoV2anXSE+luI=",
        "owner": "edolstra",
        "repo": "flake-compat",
        "rev": "bef1b74164e238c530aec28335e761372dafe4c4",
        "type": "github"
      },
      "original": {
        "owner": "edolstra",
        "repo": "flake-compat",
        "type": "github"
      }
    },
    "flake-utils": {
      "locked": {
        "lastModified": 1623875721,
        "narHash": "sha256-A8BU7bjS5GirpAUv4QA+QnJ4CceLHkcXdRp4xITDB0s=",
        "owner": "numtide",
        "repo": "flake-utils",
        "rev": "f7e004a55b120c02ecb6219596820fcd32ca8772",
        "type": "github"
      },
      "original": {
        "owner": "numtide",
        "repo": "flake-utils",
        "type": "github"
      }
    },
    "flake-utils_2": {
      "locked": {
        "lastModified": 1623875721,
        "narHash": "sha256-A8BU7bjS5GirpAUv4QA+QnJ4CceLHkcXdRp4xITDB0s=",
        "owner": "numtide",
        "repo": "flake-utils",
        "rev": "f7e004a55b120c02ecb6219596820fcd32ca8772",
        "type": "github"
      },
      "original": {
        "owner": "numtide",
        "repo": "flake-utils",
        "type": "github"
      }
    },
    "mars-std": {
      "inputs": {
        "flake-compat": "flake-compat",
        "flake-utils": "flake-utils",
        "nixpkgs": "nixpkgs",
        "rust-overlay": "rust-overlay"
      },
      "locked": {
        "lastModified": 1631842726,
        "narHash": "sha256-whGMiNjGQa4xNlclCrVrOSFzgyiGQB1d0eCChCJPlZ8=",
        "owner": "mars-research",
        "repo": "mars-std",
        "rev": "2bc282ea245a175d4e899f4678ed773ecefa4828",
        "type": "github"
      },
      "original": {
        "owner": "mars-research",
        "repo": "mars-std",
        "type": "github"
      }
    },
    "nixpkgs": {
      "locked": {
        "lastModified": 1631842583,
        "narHash": "sha256-Y7LvXTj5MpBH3I0Ddb6LUfloIhMDoC48Oc7/+qia+6M=",
        "owner": "mars-research",
        "repo": "nixpkgs",
        "rev": "bec7ce24b312a23e92c77eb7fc9305a16d472017",
        "type": "github"
      },
      "original": {
        "owner": "mars-research",
        "ref": "mars-21.05",
        "repo": "nixpkgs",
        "type": "github"
      }
    },
    "nixpkgs_2": {
      "locked": {
        "lastModified": 1628186154,
        "narHash": "sha256-r2d0wvywFnL9z4iptztdFMhaUIAaGzrSs7kSok0PgmE=",
        "owner": "NixOS",
        "repo": "nixpkgs",
        "rev": "06552b72346632b6943c8032e57e702ea12413bf",
        "type": "github"
      },
      "original": {
        "owner": "NixOS",
        "repo": "nixpkgs",
        "type": "github"
      }
    },
    "root": {
      "inputs": {
        "mars-std": "mars-std"
      }
    },
    "rust-overlay": {
      "inputs": {
        "flake-utils": "flake-utils_2",
        "nixpkgs": "nixpkgs_2"
      },
      "locked": {
        "lastModified": 1631153715,
        "narHash": "sha256-YUdtE15jTJX6er6vXGnFUqKlboj161FmS1KP+5Eoob8=",
        "owner": "oxalica",
        "repo": "rust-overlay",
        "rev": "1b723f746e48ea9500007d17c41ad19441b88276",
        "type": "github"
      },
      "original": {
        "owner": "oxalica",
        "repo": "rust-overlay",
        "type": "github"
      }
    }
  },
  "root": "root",
  "version": 7
}
