# This file is automatically @generated by Cargo.
# It is not intended for manual editing.
[[package]]
name = "bitfield"
version = "0.13.2"
source = "registry+https://github.com/rust-lang/crates.io-index"
checksum = "46afbd2983a5d5a7bd740ccb198caf5b82f45c40c09c0eed36052d91cb92e719"

[[package]]
name = "cfg-if"
version = "0.1.10"
source = "registry+https://github.com/rust-lang/crates.io-index"
checksum = "4785bdd1c96b2a846b2bd7cc02e86b6b3dbf14e7e53446c4f54c92a361040822"

[[package]]
name = "libsyscalls"
version = "0.1.0"
dependencies = [
 "pc-keyboard",
 "platform",
 "spin",
 "syscalls",
]

[[package]]
name = "log"
version = "0.4.11"
source = "registry+https://github.com/rust-lang/crates.io-index"
checksum = "4fabed175da42fed1fa0746b0ea71f412aa9d35e76e95e59b192c64b9dc2bf8b"
dependencies = [
 "cfg-if",
]

[[package]]
name = "malloc"
version = "0.1.0"
dependencies = [
 "libsyscalls",
 "slabmalloc",
 "spin",
]

[[package]]
name = "pc-keyboard"
version = "0.3.1"
source = "registry+https://github.com/rust-lang/crates.io-index"
checksum = "fff50ab09ba31bcebc0669f4e64c0952fae1acdca9e6e0587e68e4e8443808ac"

[[package]]
name = "platform"
version = "0.1.0"

[[package]]
name = "protocol"
version = "0.1.0"
dependencies = [
 "bitfield",
]

[[package]]
name = "slabmalloc"
version = "0.7.0"
dependencies = [
 "log",
]

[[package]]
name = "spin"
version = "0.5.3"

[[package]]
name = "syscalls"
version = "0.1.0"
dependencies = [
 "pc-keyboard",
 "platform",
 "protocol",
 "spin",
]
