# This file is automatically @generated by Cargo.
# It is not intended for manual editing.
[[package]]
name = "ahci"
version = "0.1.0"

[[package]]
name = "autocfg"
version = "1.0.0"
source = "registry+https://github.com/rust-lang/crates.io-index"
checksum = "f8aac770f1885fd7e387acedd76065302551364496e46b3dd00860b2f8359b9d"

[[package]]
name = "bitfield"
version = "0.13.2"
source = "registry+https://github.com/rust-lang/crates.io-index"
checksum = "46afbd2983a5d5a7bd740ccb198caf5b82f45c40c09c0eed36052d91cb92e719"

[[package]]
name = "bitflags"
version = "1.2.1"
source = "registry+https://github.com/rust-lang/crates.io-index"
checksum = "cf1de2fe8c75bc145a2f577add951f8134889b4795d47466a54a5c846d691693"

[[package]]
name = "byteorder"
version = "1.3.4"
source = "registry+https://github.com/rust-lang/crates.io-index"
checksum = "08c48aae112d48ed9f069b33538ea9e3e90aa263cfa3d1c24309612b1f7472de"

[[package]]
name = "cfg-if"
version = "0.1.10"
source = "registry+https://github.com/rust-lang/crates.io-index"
checksum = "4785bdd1c96b2a846b2bd7cc02e86b6b3dbf14e7e53446c4f54c92a361040822"

[[package]]
name = "console"
version = "0.1.0"
dependencies = [
 "libsyscalls",
 "spin 0.5.3",
]

[[package]]
name = "create"
version = "0.1.0"
dependencies = [
 "syscalls",
 "usr",
]

[[package]]
name = "dom_d"
version = "0.1.0"
dependencies = [
 "console",
 "create",
 "lazy_static",
 "libsyscalls",
 "libtime",
 "malloc",
 "num-traits",
 "proxy",
 "rref",
 "spin 0.5.3",
 "syscalls",
 "usr",
]

[[package]]
name = "lazy_static"
version = "1.4.0"
source = "registry+https://github.com/rust-lang/crates.io-index"
checksum = "e2abad23fbc42b3700f2f279844dc832adb2b2eb069b2df918f455c4e18cc646"
dependencies = [
 "spin 0.5.2",
]

[[package]]
name = "libsyscalls"
version = "0.1.0"
dependencies = [
 "pc-keyboard",
 "platform",
 "spin 0.5.3",
 "syscalls",
]

[[package]]
name = "libtime"
version = "0.1.0"
dependencies = [
 "console",
 "libsyscalls",
]

[[package]]
name = "log"
version = "0.4.8"
source = "registry+https://github.com/rust-lang/crates.io-index"
checksum = "14b6052be84e6b71ab17edffc2eeabf5c2c3ae1fdb464aae35ac50c67a44e1f7"
dependencies = [
 "cfg-if",
]

[[package]]
name = "malloc"
version = "0.1.0"
dependencies = [
 "libsyscalls",
 "slabmalloc",
 "spin 0.5.3",
]

[[package]]
name = "num-derive"
version = "0.3.0"
source = "registry+https://github.com/rust-lang/crates.io-index"
checksum = "0c8b15b261814f992e33760b1fca9fe8b693d8a65299f20c9901688636cfb746"
dependencies = [
 "proc-macro2",
 "quote",
 "syn",
]

[[package]]
name = "num-traits"
version = "0.2.11"
source = "registry+https://github.com/rust-lang/crates.io-index"
checksum = "c62be47e61d1842b9170f0fdeec8eba98e60e90e5446449a0545e5152acd7096"
dependencies = [
 "autocfg",
]

[[package]]
name = "pc-keyboard"
version = "0.3.1"
source = "registry+https://github.com/rust-lang/crates.io-index"
checksum = "fff50ab09ba31bcebc0669f4e64c0952fae1acdca9e6e0587e68e4e8443808ac"

[[package]]
name = "pci_driver"
version = "0.1.0"
dependencies = [
 "ahci",
 "platform",
]

[[package]]
name = "platform"
version = "0.1.0"

[[package]]
name = "proc-macro2"
version = "1.0.12"
source = "registry+https://github.com/rust-lang/crates.io-index"
checksum = "8872cf6f48eee44265156c111456a700ab3483686b3f96df4cf5481c89157319"
dependencies = [
 "unicode-xid",
]

[[package]]
name = "protocol"
version = "0.1.0"
dependencies = [
 "bitfield",
]

[[package]]
name = "proxy"
version = "0.1.0"
dependencies = [
 "create",
 "syscalls",
 "usr",
]

[[package]]
name = "quote"
version = "1.0.4"
source = "registry+https://github.com/rust-lang/crates.io-index"
checksum = "4c1f4b0efa5fc5e8ceb705136bfee52cfdb6a4e3509f770b478cd6ed434232a7"
dependencies = [
 "proc-macro2",
]

[[package]]
name = "rref"
version = "0.1.0"
dependencies = [
 "console",
 "libsyscalls",
 "spin 0.5.3",
 "syscalls",
]

[[package]]
name = "slabmalloc"
version = "0.7.0"
dependencies = [
 "log",
]

[[package]]
name = "spin"
version = "0.5.2"
source = "registry+https://github.com/rust-lang/crates.io-index"
checksum = "6e63cff320ae2c57904679ba7cb63280a3dc4613885beafb148ee7bf9aa9042d"

[[package]]
name = "spin"
version = "0.5.3"

[[package]]
name = "syn"
version = "1.0.19"
source = "registry+https://github.com/rust-lang/crates.io-index"
checksum = "e8e5aa70697bb26ee62214ae3288465ecec0000f05182f039b477001f08f5ae7"
dependencies = [
 "proc-macro2",
 "quote",
 "unicode-xid",
]

[[package]]
name = "syscalls"
version = "0.1.0"
dependencies = [
 "pc-keyboard",
 "platform",
 "protocol",
 "spin 0.5.3",
]

[[package]]
name = "unicode-xid"
version = "0.2.0"
source = "registry+https://github.com/rust-lang/crates.io-index"
checksum = "826e7639553986605ec5979c7dd957c7895e93eabed50ab2ffa7f6128a75097c"

[[package]]
name = "usr"
version = "0.1.0"
dependencies = [
 "bitflags",
 "byteorder",
 "num-derive",
 "num-traits",
 "pci_driver",
 "rref",
 "syscalls",
]
