# This file is automatically @generated by Cargo.
# It is not intended for manual editing.
[[package]]
name = "ahci"
version = "0.1.0"

[[package]]
name = "autocfg"
version = "1.0.1"
source = "registry+https://github.com/rust-lang/crates.io-index"
checksum = "cdb031dd78e28731d87d56cc8ffef4a8f36ca26c38fe2de700543e627f8a464a"

[[package]]
name = "b2histogram"
version = "1.0.0"
source = "registry+https://github.com/rust-lang/crates.io-index"
checksum = "4bc3421af11761afa13950268aa670cc75fc6c2668fabf789e8e4dba5d0c9137"

[[package]]
name = "bitfield"
version = "0.13.2"
source = "registry+https://github.com/rust-lang/crates.io-index"
checksum = "46afbd2983a5d5a7bd740ccb198caf5b82f45c40c09c0eed36052d91cb92e719"

[[package]]
name = "bitflags"
version = "1.2.1"
source = "registry+https://github.com/rust-lang/crates.io-index"
checksum = "cf1de2fe8c75bc145a2f577add951f8134889b4795d47466a54a5c846d691693"

[[package]]
name = "byteorder"
version = "1.3.4"
source = "registry+https://github.com/rust-lang/crates.io-index"
checksum = "08c48aae112d48ed9f069b33538ea9e3e90aa263cfa3d1c24309612b1f7472de"

[[package]]
name = "cfg-if"
version = "0.1.10"
source = "registry+https://github.com/rust-lang/crates.io-index"
checksum = "4785bdd1c96b2a846b2bd7cc02e86b6b3dbf14e7e53446c4f54c92a361040822"

[[package]]
name = "console"
version = "0.1.0"
dependencies = [
 "libsyscalls",
 "spin 0.5.3",
]

[[package]]
name = "lazy_static"
version = "1.4.0"
source = "registry+https://github.com/rust-lang/crates.io-index"
checksum = "e2abad23fbc42b3700f2f279844dc832adb2b2eb069b2df918f455c4e18cc646"
dependencies = [
 "spin 0.5.2",
]

[[package]]
name = "libbenchnvme"
version = "0.1.0"
dependencies = [
 "b2histogram",
 "byteorder",
 "console",
 "libsyscalls",
 "libtime",
 "rref",
 "usr",
]

[[package]]
name = "libdma"
version = "0.1.0"
dependencies = [
 "libsyscalls",
]

[[package]]
name = "libsyscalls"
version = "0.1.0"
dependencies = [
 "pc-keyboard",
 "platform",
 "spin 0.5.3",
 "syscalls",
]

[[package]]
name = "libtime"
version = "0.1.0"
dependencies = [
 "console",
 "libsyscalls",
]

[[package]]
name = "log"
version = "0.4.11"
source = "registry+https://github.com/rust-lang/crates.io-index"
checksum = "4fabed175da42fed1fa0746b0ea71f412aa9d35e76e95e59b192c64b9dc2bf8b"
dependencies = [
 "cfg-if",
]

[[package]]
name = "malloc"
version = "0.1.0"
dependencies = [
 "libsyscalls",
 "slabmalloc",
 "spin 0.5.3",
]

[[package]]
name = "num-derive"
version = "0.3.2"
source = "registry+https://github.com/rust-lang/crates.io-index"
checksum = "6f09b9841adb6b5e1f89ef7087ea636e0fd94b2851f887c1e3eb5d5f8228fab3"
dependencies = [
 "proc-macro2",
 "quote",
 "syn",
]

[[package]]
name = "num-traits"
version = "0.2.12"
source = "registry+https://github.com/rust-lang/crates.io-index"
checksum = "ac267bcc07f48ee5f8935ab0d24f316fb722d7a1292e2913f0cc196b29ffd611"
dependencies = [
 "autocfg",
]

[[package]]
name = "nvme"
version = "0.1.0"
dependencies = [
 "b2histogram",
 "bitflags",
 "byteorder",
 "console",
 "lazy_static",
 "libbenchnvme",
 "libdma",
 "libsyscalls",
 "libtime",
 "malloc",
 "num-traits",
 "nvme_device",
 "pci_driver",
 "platform",
 "protocol",
 "rref",
 "serde_derive",
 "spin 0.5.2",
 "syscalls",
 "usr",
]

[[package]]
name = "nvme_device"
version = "0.1.0"
dependencies = [
 "console",
 "libdma",
 "libsyscalls",
 "libtime",
 "malloc",
 "platform",
 "rref",
 "usr",
]

[[package]]
name = "pc-keyboard"
version = "0.3.1"
source = "registry+https://github.com/rust-lang/crates.io-index"
checksum = "fff50ab09ba31bcebc0669f4e64c0952fae1acdca9e6e0587e68e4e8443808ac"

[[package]]
name = "pci_driver"
version = "0.1.0"
dependencies = [
 "ahci",
 "platform",
]

[[package]]
name = "platform"
version = "0.1.0"

[[package]]
name = "proc-macro2"
version = "1.0.21"
source = "registry+https://github.com/rust-lang/crates.io-index"
checksum = "36e28516df94f3dd551a587da5357459d9b36d945a7c37c3557928c1c2ff2a2c"
dependencies = [
 "unicode-xid",
]

[[package]]
name = "protocol"
version = "0.1.0"
dependencies = [
 "bitfield",
]

[[package]]
name = "quote"
version = "1.0.7"
source = "registry+https://github.com/rust-lang/crates.io-index"
checksum = "aa563d17ecb180e500da1cfd2b028310ac758de548efdd203e18f283af693f37"
dependencies = [
 "proc-macro2",
]

[[package]]
name = "rref"
version = "0.1.0"
dependencies = [
 "console",
 "libsyscalls",
 "spin 0.5.3",
 "syscalls",
]

[[package]]
name = "serde_derive"
version = "1.0.115"
source = "registry+https://github.com/rust-lang/crates.io-index"
checksum = "609feed1d0a73cc36a0182a840a9b37b4a82f0b1150369f0536a9e3f2a31dc48"
dependencies = [
 "proc-macro2",
 "quote",
 "syn",
]

[[package]]
name = "slabmalloc"
version = "0.7.0"
dependencies = [
 "log",
]

[[package]]
name = "spin"
version = "0.5.2"
source = "registry+https://github.com/rust-lang/crates.io-index"
checksum = "6e63cff320ae2c57904679ba7cb63280a3dc4613885beafb148ee7bf9aa9042d"

[[package]]
name = "spin"
version = "0.5.3"

[[package]]
name = "syn"
version = "1.0.40"
source = "registry+https://github.com/rust-lang/crates.io-index"
checksum = "963f7d3cc59b59b9325165add223142bbf1df27655d07789f109896d353d8350"
dependencies = [
 "proc-macro2",
 "quote",
 "unicode-xid",
]

[[package]]
name = "syscalls"
version = "0.1.0"
dependencies = [
 "pc-keyboard",
 "platform",
 "protocol",
 "spin 0.5.3",
]

[[package]]
name = "unicode-xid"
version = "0.2.1"
source = "registry+https://github.com/rust-lang/crates.io-index"
checksum = "f7fe0bb3479651439c9112f72b6c505038574c9fbb575ed1bf3b797fa39dd564"

[[package]]
name = "usr"
version = "0.1.0"
dependencies = [
 "bitflags",
 "byteorder",
 "num-derive",
 "num-traits",
 "pci_driver",
 "rref",
 "syscalls",
]
